
Microsoft Visual Studio Solution File, Format Version 12.00
# Visual Studio 14
VisualStudioVersion = 14.0.25420.1
MinimumVisualStudioVersion = 10.0.40219.1
Project("{2150E333-8FDC-42A3-9474-1A3956D46DE8}") = "Engine", "Engine", "{294D438A-AB43-42CC-AA09-BEAA99217E2B}"
EndProject
Project("{2150E333-8FDC-42A3-9474-1A3956D46DE8}") = "Games", "Games", "{2FAD3081-3EEC-49A6-A90C-C39297A9E393}"
EndProject
Project("{8BC9CEB8-8B4A-11D0-8D11-00A0C91BC942}") = "UE4", "Intermediate\ProjectFiles\UE4.vcxproj", "{B6973E15-41D3-49BF-BCAB-2A66D28A54B5}"
EndProject
Project("{8BC9CEB8-8B4A-11D0-8D11-00A0C91BC942}") = "mango3d", "Intermediate\ProjectFiles\mango3d.vcxproj", "{46B5DEB4-74E7-4C07-BE90-B491C468223D}"
EndProject
Global
	GlobalSection(SolutionConfigurationPlatforms) = preSolution
		DebugGame Editor|ARM = DebugGame Editor|ARM
		DebugGame Editor|HTML5 = DebugGame Editor|HTML5
		DebugGame Editor|Win32 = DebugGame Editor|Win32
		DebugGame Editor|Win64 = DebugGame Editor|Win64
		DebugGame Editor|x64 = DebugGame Editor|x64
		DebugGame|ARM = DebugGame|ARM
		DebugGame|HTML5 = DebugGame|HTML5
		DebugGame|Win32 = DebugGame|Win32
		DebugGame|Win64 = DebugGame|Win64
		DebugGame|x64 = DebugGame|x64
		Development Editor|ARM = Development Editor|ARM
		Development Editor|HTML5 = Development Editor|HTML5
		Development Editor|Win32 = Development Editor|Win32
		Development Editor|Win64 = Development Editor|Win64
		Development Editor|x64 = Development Editor|x64
		Development|ARM = Development|ARM
		Development|HTML5 = Development|HTML5
		Development|Win32 = Development|Win32
		Development|Win64 = Development|Win64
		Development|x64 = Development|x64
		Shipping|ARM = Shipping|ARM
		Shipping|HTML5 = Shipping|HTML5
		Shipping|Win32 = Shipping|Win32
		Shipping|Win64 = Shipping|Win64
		Shipping|x64 = Shipping|x64
	EndGlobalSection
	GlobalSection(ProjectConfigurationPlatforms) = postSolution
		{B6973E15-41D3-49BF-BCAB-2A66D28A54B5}.DebugGame Editor|ARM.ActiveCfg = BuiltWithUnrealBuildTool|x64
		{B6973E15-41D3-49BF-BCAB-2A66D28A54B5}.DebugGame Editor|ARM.Build.0 = BuiltWithUnrealBuildTool|x64
		{B6973E15-41D3-49BF-BCAB-2A66D28A54B5}.DebugGame Editor|HTML5.ActiveCfg = BuiltWithUnrealBuildTool|Win32
		{B6973E15-41D3-49BF-BCAB-2A66D28A54B5}.DebugGame Editor|HTML5.Build.0 = BuiltWithUnrealBuildTool|Win32
		{B6973E15-41D3-49BF-BCAB-2A66D28A54B5}.DebugGame Editor|Win32.ActiveCfg = BuiltWithUnrealBuildTool|Win32
		{B6973E15-41D3-49BF-BCAB-2A66D28A54B5}.DebugGame Editor|Win32.Build.0 = BuiltWithUnrealBuildTool|Win32
		{B6973E15-41D3-49BF-BCAB-2A66D28A54B5}.DebugGame Editor|Win64.ActiveCfg = BuiltWithUnrealBuildTool|x64
		{B6973E15-41D3-49BF-BCAB-2A66D28A54B5}.DebugGame Editor|Win64.Build.0 = BuiltWithUnrealBuildTool|x64
		{B6973E15-41D3-49BF-BCAB-2A66D28A54B5}.DebugGame Editor|x64.ActiveCfg = BuiltWithUnrealBuildTool|x64
		{B6973E15-41D3-49BF-BCAB-2A66D28A54B5}.DebugGame Editor|x64.Build.0 = BuiltWithUnrealBuildTool|x64
		{B6973E15-41D3-49BF-BCAB-2A66D28A54B5}.DebugGame|ARM.ActiveCfg = BuiltWithUnrealBuildTool|x64
		{B6973E15-41D3-49BF-BCAB-2A66D28A54B5}.DebugGame|ARM.Build.0 = BuiltWithUnrealBuildTool|x64
		{B6973E15-41D3-49BF-BCAB-2A66D28A54B5}.DebugGame|HTML5.ActiveCfg = BuiltWithUnrealBuildTool|Win32
		{B6973E15-41D3-49BF-BCAB-2A66D28A54B5}.DebugGame|HTML5.Build.0 = BuiltWithUnrealBuildTool|Win32
		{B6973E15-41D3-49BF-BCAB-2A66D28A54B5}.DebugGame|Win32.ActiveCfg = BuiltWithUnrealBuildTool|Win32
		{B6973E15-41D3-49BF-BCAB-2A66D28A54B5}.DebugGame|Win32.Build.0 = BuiltWithUnrealBuildTool|Win32
		{B6973E15-41D3-49BF-BCAB-2A66D28A54B5}.DebugGame|Win64.ActiveCfg = BuiltWithUnrealBuildTool|Win32
		{B6973E15-41D3-49BF-BCAB-2A66D28A54B5}.DebugGame|Win64.Build.0 = BuiltWithUnrealBuildTool|Win32
		{B6973E15-41D3-49BF-BCAB-2A66D28A54B5}.DebugGame|x64.ActiveCfg = BuiltWithUnrealBuildTool|x64
		{B6973E15-41D3-49BF-BCAB-2A66D28A54B5}.DebugGame|x64.Build.0 = BuiltWithUnrealBuildTool|x64
		{B6973E15-41D3-49BF-BCAB-2A66D28A54B5}.Development Editor|ARM.ActiveCfg = BuiltWithUnrealBuildTool|x64
		{B6973E15-41D3-49BF-BCAB-2A66D28A54B5}.Development Editor|ARM.Build.0 = BuiltWithUnrealBuildTool|x64
		{B6973E15-41D3-49BF-BCAB-2A66D28A54B5}.Development Editor|HTML5.ActiveCfg = BuiltWithUnrealBuildTool|Win32
		{B6973E15-41D3-49BF-BCAB-2A66D28A54B5}.Development Editor|HTML5.Build.0 = BuiltWithUnrealBuildTool|Win32
		{B6973E15-41D3-49BF-BCAB-2A66D28A54B5}.Development Editor|Win32.ActiveCfg = BuiltWithUnrealBuildTool|Win32
		{B6973E15-41D3-49BF-BCAB-2A66D28A54B5}.Development Editor|Win32.Build.0 = BuiltWithUnrealBuildTool|Win32
		{B6973E15-41D3-49BF-BCAB-2A66D28A54B5}.Development Editor|Win64.ActiveCfg = BuiltWithUnrealBuildTool|Win32
		{B6973E15-41D3-49BF-BCAB-2A66D28A54B5}.Development Editor|Win64.Build.0 = BuiltWithUnrealBuildTool|Win32
		{B6973E15-41D3-49BF-BCAB-2A66D28A54B5}.Development Editor|x64.ActiveCfg = BuiltWithUnrealBuildTool|x64
		{B6973E15-41D3-49BF-BCAB-2A66D28A54B5}.Development Editor|x64.Build.0 = BuiltWithUnrealBuildTool|x64
		{B6973E15-41D3-49BF-BCAB-2A66D28A54B5}.Development|ARM.ActiveCfg = BuiltWithUnrealBuildTool|x64
		{B6973E15-41D3-49BF-BCAB-2A66D28A54B5}.Development|ARM.Build.0 = BuiltWithUnrealBuildTool|x64
		{B6973E15-41D3-49BF-BCAB-2A66D28A54B5}.Development|HTML5.ActiveCfg = BuiltWithUnrealBuildTool|Win32
		{B6973E15-41D3-49BF-BCAB-2A66D28A54B5}.Development|HTML5.Build.0 = BuiltWithUnrealBuildTool|Win32
		{B6973E15-41D3-49BF-BCAB-2A66D28A54B5}.Development|Win32.ActiveCfg = BuiltWithUnrealBuildTool|Win32
		{B6973E15-41D3-49BF-BCAB-2A66D28A54B5}.Development|Win32.Build.0 = BuiltWithUnrealBuildTool|Win32
		{B6973E15-41D3-49BF-BCAB-2A66D28A54B5}.Development|Win64.ActiveCfg = BuiltWithUnrealBuildTool|Win32
		{B6973E15-41D3-49BF-BCAB-2A66D28A54B5}.Development|Win64.Build.0 = BuiltWithUnrealBuildTool|Win32
		{B6973E15-41D3-49BF-BCAB-2A66D28A54B5}.Development|x64.ActiveCfg = BuiltWithUnrealBuildTool|x64
		{B6973E15-41D3-49BF-BCAB-2A66D28A54B5}.Development|x64.Build.0 = BuiltWithUnrealBuildTool|x64
		{B6973E15-41D3-49BF-BCAB-2A66D28A54B5}.Shipping|ARM.ActiveCfg = BuiltWithUnrealBuildTool|x64
		{B6973E15-41D3-49BF-BCAB-2A66D28A54B5}.Shipping|ARM.Build.0 = BuiltWithUnrealBuildTool|x64
		{B6973E15-41D3-49BF-BCAB-2A66D28A54B5}.Shipping|HTML5.ActiveCfg = BuiltWithUnrealBuildTool|Win32
		{B6973E15-41D3-49BF-BCAB-2A66D28A54B5}.Shipping|HTML5.Build.0 = BuiltWithUnrealBuildTool|Win32
		{B6973E15-41D3-49BF-BCAB-2A66D28A54B5}.Shipping|Win32.ActiveCfg = BuiltWithUnrealBuildTool|Win32
		{B6973E15-41D3-49BF-BCAB-2A66D28A54B5}.Shipping|Win32.Build.0 = BuiltWithUnrealBuildTool|Win32
		{B6973E15-41D3-49BF-BCAB-2A66D28A54B5}.Shipping|Win64.ActiveCfg = BuiltWithUnrealBuildTool|Win32
		{B6973E15-41D3-49BF-BCAB-2A66D28A54B5}.Shipping|Win64.Build.0 = BuiltWithUnrealBuildTool|Win32
		{B6973E15-41D3-49BF-BCAB-2A66D28A54B5}.Shipping|x64.ActiveCfg = BuiltWithUnrealBuildTool|x64
		{B6973E15-41D3-49BF-BCAB-2A66D28A54B5}.Shipping|x64.Build.0 = BuiltWithUnrealBuildTool|x64
		{46B5DEB4-74E7-4C07-BE90-B491C468223D}.DebugGame Editor|ARM.ActiveCfg = Development_Game|x64
		{46B5DEB4-74E7-4C07-BE90-B491C468223D}.DebugGame Editor|ARM.Build.0 = Development_Game|x64
		{46B5DEB4-74E7-4C07-BE90-B491C468223D}.DebugGame Editor|HTML5.ActiveCfg = HTML5_DebugGame_Editor|Win32
		{46B5DEB4-74E7-4C07-BE90-B491C468223D}.DebugGame Editor|Win32.ActiveCfg = DebugGame_Editor|Win32
		{46B5DEB4-74E7-4C07-BE90-B491C468223D}.DebugGame Editor|Win32.Build.0 = DebugGame_Editor|Win32
		{46B5DEB4-74E7-4C07-BE90-B491C468223D}.DebugGame Editor|Win64.ActiveCfg = DebugGame_Editor|x64
		{46B5DEB4-74E7-4C07-BE90-B491C468223D}.DebugGame Editor|Win64.Build.0 = DebugGame_Editor|x64
		{46B5DEB4-74E7-4C07-BE90-B491C468223D}.DebugGame Editor|x64.ActiveCfg = DebugGame_Game|x64
		{46B5DEB4-74E7-4C07-BE90-B491C468223D}.DebugGame Editor|x64.Build.0 = DebugGame_Game|x64
		{46B5DEB4-74E7-4C07-BE90-B491C468223D}.DebugGame|ARM.ActiveCfg = HTML5_DebugGame_Game|x64
		{46B5DEB4-74E7-4C07-BE90-B491C468223D}.DebugGame|ARM.Build.0 = HTML5_DebugGame_Game|x64
		{46B5DEB4-74E7-4C07-BE90-B491C468223D}.DebugGame|HTML5.ActiveCfg = HTML5_DebugGame_Game|Win32
		{46B5DEB4-74E7-4C07-BE90-B491C468223D}.DebugGame|HTML5.Build.0 = HTML5_DebugGame_Game|Win32
		{46B5DEB4-74E7-4C07-BE90-B491C468223D}.DebugGame|Win32.ActiveCfg = DebugGame_Game|Win32
		{46B5DEB4-74E7-4C07-BE90-B491C468223D}.DebugGame|Win32.Build.0 = DebugGame_Game|Win32
		{46B5DEB4-74E7-4C07-BE90-B491C468223D}.DebugGame|Win64.ActiveCfg = DebugGame_Game|Win32
		{46B5DEB4-74E7-4C07-BE90-B491C468223D}.DebugGame|Win64.Build.0 = DebugGame_Game|Win32
		{46B5DEB4-74E7-4C07-BE90-B491C468223D}.DebugGame|x64.ActiveCfg = HTML5_DebugGame_Game|x64
		{46B5DEB4-74E7-4C07-BE90-B491C468223D}.DebugGame|x64.Build.0 = HTML5_DebugGame_Game|x64
		{46B5DEB4-74E7-4C07-BE90-B491C468223D}.Development Editor|ARM.ActiveCfg = HTML5_DebugGame_Game|x64
		{46B5DEB4-74E7-4C07-BE90-B491C468223D}.Development Editor|ARM.Build.0 = HTML5_DebugGame_Game|x64
		{46B5DEB4-74E7-4C07-BE90-B491C468223D}.Development Editor|HTML5.ActiveCfg = HTML5_Development_Editor|Win32
		{46B5DEB4-74E7-4C07-BE90-B491C468223D}.Development Editor|Win32.ActiveCfg = Development_Editor|Win32
		{46B5DEB4-74E7-4C07-BE90-B491C468223D}.Development Editor|Win64.ActiveCfg = Development_Editor|x64
		{46B5DEB4-74E7-4C07-BE90-B491C468223D}.Development Editor|Win64.Build.0 = Development_Editor|x64
		{46B5DEB4-74E7-4C07-BE90-B491C468223D}.Development Editor|x64.ActiveCfg = Development_Game|x64
		{46B5DEB4-74E7-4C07-BE90-B491C468223D}.Development Editor|x64.Build.0 = Development_Game|x64
		{46B5DEB4-74E7-4C07-BE90-B491C468223D}.Development|ARM.ActiveCfg = HTML5_DebugGame_Game|x64
		{46B5DEB4-74E7-4C07-BE90-B491C468223D}.Development|ARM.Build.0 = HTML5_DebugGame_Game|x64
		{46B5DEB4-74E7-4C07-BE90-B491C468223D}.Development|HTML5.ActiveCfg = HTML5_Development_Game|Win32
		{46B5DEB4-74E7-4C07-BE90-B491C468223D}.Development|HTML5.Build.0 = HTML5_Development_Game|Win32
		{46B5DEB4-74E7-4C07-BE90-B491C468223D}.Development|Win32.ActiveCfg = Development_Game|Win32
		{46B5DEB4-74E7-4C07-BE90-B491C468223D}.Development|Win32.Build.0 = Development_Game|Win32
		{46B5DEB4-74E7-4C07-BE90-B491C468223D}.Development|Win64.ActiveCfg = Development_Game|x64
		{46B5DEB4-74E7-4C07-BE90-B491C468223D}.Development|Win64.Build.0 = Development_Game|x64
		{46B5DEB4-74E7-4C07-BE90-B491C468223D}.Development|x64.ActiveCfg = HTML5_Development_Editor|x64
		{46B5DEB4-74E7-4C07-BE90-B491C468223D}.Development|x64.Build.0 = HTML5_Development_Editor|x64
		{46B5DEB4-74E7-4C07-BE90-B491C468223D}.Shipping|ARM.ActiveCfg = HTML5_DebugGame_Game|x64
		{46B5DEB4-74E7-4C07-BE90-B491C468223D}.Shipping|ARM.Build.0 = HTML5_DebugGame_Game|x64
		{46B5DEB4-74E7-4C07-BE90-B491C468223D}.Shipping|HTML5.ActiveCfg = HTML5_Shipping_Game|Win32
		{46B5DEB4-74E7-4C07-BE90-B491C468223D}.Shipping|HTML5.Build.0 = HTML5_Shipping_Game|Win32
		{46B5DEB4-74E7-4C07-BE90-B491C468223D}.Shipping|Win32.ActiveCfg = Shipping_Game|Win32
		{46B5DEB4-74E7-4C07-BE90-B491C468223D}.Shipping|Win32.Build.0 = Shipping_Game|Win32
		{46B5DEB4-74E7-4C07-BE90-B491C468223D}.Shipping|Win64.ActiveCfg = Shipping_Game|x64
		{46B5DEB4-74E7-4C07-BE90-B491C468223D}.Shipping|Win64.Build.0 = Shipping_Game|x64
		{46B5DEB4-74E7-4C07-BE90-B491C468223D}.Shipping|x64.ActiveCfg = HTML5_Shipping_Game|x64
		{46B5DEB4-74E7-4C07-BE90-B491C468223D}.Shipping|x64.Build.0 = HTML5_Shipping_Game|x64
	EndGlobalSection
	GlobalSection(SolutionProperties) = preSolution
		HideSolutionNode = FALSE
	EndGlobalSection
	GlobalSection(NestedProjects) = preSolution
		{B6973E15-41D3-49BF-BCAB-2A66D28A54B5} = {294D438A-AB43-42CC-AA09-BEAA99217E2B}
		{46B5DEB4-74E7-4C07-BE90-B491C468223D} = {2FAD3081-3EEC-49A6-A90C-C39297A9E393}
	EndGlobalSection
EndGlobal
